// !$*UTF8*$!
{
	archiveVersion = 1;
	classes = {
	};
	objectVersion = 46;
	objects = {

/* Begin PBXBuildFile section */
		801BDED91A7FEFC400D797D9 /* UserDataViewController.m in Sources */ = {isa = PBXBuildFile; fileRef = 801BDED81A7FEFC400D797D9 /* UserDataViewController.m */; };
		806AE68C1A0AE929007C269A /* main.m in Sources */ = {isa = PBXBuildFile; fileRef = 806AE68B1A0AE929007C269A /* main.m */; };
		806AE68F1A0AE92A007C269A /* AppDelegate.m in Sources */ = {isa = PBXBuildFile; fileRef = 806AE68E1A0AE92A007C269A /* AppDelegate.m */; };
		806AE6921A0AE92A007C269A /* ViewController.m in Sources */ = {isa = PBXBuildFile; fileRef = 806AE6911A0AE92A007C269A /* ViewController.m */; };
		806AE6951A0AE92A007C269A /* Main.storyboard in Resources */ = {isa = PBXBuildFile; fileRef = 806AE6931A0AE92A007C269A /* Main.storyboard */; };
		806AE6971A0AE92A007C269A /* Images.xcassets in Resources */ = {isa = PBXBuildFile; fileRef = 806AE6961A0AE92A007C269A /* Images.xcassets */; };
		806AE69A1A0AE92A007C269A /* LaunchScreen.xib in Resources */ = {isa = PBXBuildFile; fileRef = 806AE6981A0AE92A007C269A /* LaunchScreen.xib */; };
		806AE6A61A0AE92A007C269A /* Flavour_v0_6Tests.m in Sources */ = {isa = PBXBuildFile; fileRef = 806AE6A51A0AE92A007C269A /* Flavour_v0_6Tests.m */; };
		806AE6B51A0AF2B6007C269A /* TableViewController.m in Sources */ = {isa = PBXBuildFile; fileRef = 806AE6B01A0AF2B6007C269A /* TableViewController.m */; };
		806AE6B61A0AF2B6007C269A /* TableViewCell.m in Sources */ = {isa = PBXBuildFile; fileRef = 806AE6B21A0AF2B6007C269A /* TableViewCell.m */; };
		806AE6B71A0AF2B6007C269A /* DetailViewController.m in Sources */ = {isa = PBXBuildFile; fileRef = 806AE6B41A0AF2B6007C269A /* DetailViewController.m */; };
		806AE6BC1A0AF4D0007C269A /* LoadingViewController.m in Sources */ = {isa = PBXBuildFile; fileRef = 806AE6B91A0AF4D0007C269A /* LoadingViewController.m */; };
		806AE6C01A0AF6A5007C269A /* StartViewController.m in Sources */ = {isa = PBXBuildFile; fileRef = 806AE6BF1A0AF6A5007C269A /* StartViewController.m */; };
		806AE6C31A0B0663007C269A /* DateTableViewController.m in Sources */ = {isa = PBXBuildFile; fileRef = 806AE6C21A0B0663007C269A /* DateTableViewController.m */; };
		806AE6C61A0B069D007C269A /* DateTableViewCell.m in Sources */ = {isa = PBXBuildFile; fileRef = 806AE6C51A0B069D007C269A /* DateTableViewCell.m */; };
		807FBB741A11825700B20301 /* chefObject.m in Sources */ = {isa = PBXBuildFile; fileRef = 807FBB731A11825700B20301 /* chefObject.m */; };
		807FBB771A11A04E00B20301 /* MenuTableViewController.m in Sources */ = {isa = PBXBuildFile; fileRef = 807FBB761A11A04E00B20301 /* MenuTableViewController.m */; };
		807FBB7A1A11A18E00B20301 /* MenuTableViewCell.m in Sources */ = {isa = PBXBuildFile; fileRef = 807FBB791A11A18E00B20301 /* MenuTableViewCell.m */; };
		80A39F9A1A5E0874000A7781 /* SuccessViewController.m in Sources */ = {isa = PBXBuildFile; fileRef = 80A39F991A5E0874000A7781 /* SuccessViewController.m */; };
		80A8B1901A1429DB00689579 /* globals.m in Sources */ = {isa = PBXBuildFile; fileRef = 80A8B18F1A1429DB00689579 /* globals.m */; };
		80A8B1921A14462500689579 /* iphoneButtonBig[5].png in Resources */ = {isa = PBXBuildFile; fileRef = 80A8B1911A14462500689579 /* iphoneButtonBig[5].png */; };
		80A8B1941A1454B500689579 /* logo 5.png in Resources */ = {isa = PBXBuildFile; fileRef = 80A8B1931A1454B500689579 /* logo 5.png */; };
		80A8B1961A1455F100689579 /* logo 4.png in Resources */ = {isa = PBXBuildFile; fileRef = 80A8B1951A1455F100689579 /* logo 4.png */; };
		80A9CC1A1AB8F26800CA412F /* Icon-60.png in Resources */ = {isa = PBXBuildFile; fileRef = 80A9CC081AB8F26800CA412F /* Icon-60.png */; };
		80A9CC1B1AB8F26800CA412F /* Icon-60@2x.png in Resources */ = {isa = PBXBuildFile; fileRef = 80A9CC091AB8F26800CA412F /* Icon-60@2x.png */; };
		80A9CC1C1AB8F26800CA412F /* Icon-60@3x.png in Resources */ = {isa = PBXBuildFile; fileRef = 80A9CC0A1AB8F26800CA412F /* Icon-60@3x.png */; };
		80A9CC1D1AB8F26800CA412F /* Icon-72.png in Resources */ = {isa = PBXBuildFile; fileRef = 80A9CC0B1AB8F26800CA412F /* Icon-72.png */; };
		80A9CC1E1AB8F26800CA412F /* Icon-72@2x.png in Resources */ = {isa = PBXBuildFile; fileRef = 80A9CC0C1AB8F26800CA412F /* Icon-72@2x.png */; };
		80A9CC1F1AB8F26800CA412F /* Icon-76.png in Resources */ = {isa = PBXBuildFile; fileRef = 80A9CC0D1AB8F26800CA412F /* Icon-76.png */; };
		80A9CC201AB8F26800CA412F /* Icon-76@2x.png in Resources */ = {isa = PBXBuildFile; fileRef = 80A9CC0E1AB8F26800CA412F /* Icon-76@2x.png */; };
		80A9CC211AB8F26800CA412F /* Icon-Small-40.png in Resources */ = {isa = PBXBuildFile; fileRef = 80A9CC0F1AB8F26800CA412F /* Icon-Small-40.png */; };
		80A9CC221AB8F26800CA412F /* Icon-Small-40@2x.png in Resources */ = {isa = PBXBuildFile; fileRef = 80A9CC101AB8F26800CA412F /* Icon-Small-40@2x.png */; };
		80A9CC231AB8F26800CA412F /* Icon-Small-40@3x.png in Resources */ = {isa = PBXBuildFile; fileRef = 80A9CC111AB8F26800CA412F /* Icon-Small-40@3x.png */; };
		80A9CC241AB8F26800CA412F /* Icon-Small-50.png in Resources */ = {isa = PBXBuildFile; fileRef = 80A9CC121AB8F26800CA412F /* Icon-Small-50.png */; };
		80A9CC251AB8F26800CA412F /* Icon-Small-50@2x.png in Resources */ = {isa = PBXBuildFile; fileRef = 80A9CC131AB8F26800CA412F /* Icon-Small-50@2x.png */; };
		80A9CC261AB8F26800CA412F /* Icon-Small.png in Resources */ = {isa = PBXBuildFile; fileRef = 80A9CC141AB8F26800CA412F /* Icon-Small.png */; };
		80A9CC271AB8F26800CA412F /* Icon-Small@2x.png in Resources */ = {isa = PBXBuildFile; fileRef = 80A9CC151AB8F26800CA412F /* Icon-Small@2x.png */; };
		80A9CC281AB8F26800CA412F /* Icon-Small@3x.png in Resources */ = {isa = PBXBuildFile; fileRef = 80A9CC161AB8F26800CA412F /* Icon-Small@3x.png */; };
		80A9CC291AB8F26800CA412F /* Icon.png in Resources */ = {isa = PBXBuildFile; fileRef = 80A9CC171AB8F26800CA412F /* Icon.png */; };
		80A9CC2A1AB8F26800CA412F /* Icon@2x.png in Resources */ = {isa = PBXBuildFile; fileRef = 80A9CC181AB8F26800CA412F /* Icon@2x.png */; };
		80A9CC2B1AB8F26800CA412F /* iTunesArtwork@2x.png in Resources */ = {isa = PBXBuildFile; fileRef = 80A9CC191AB8F26800CA412F /* iTunesArtwork@2x.png */; };
		80AF70451A1AB7A4001B9747 /* portada.jpg in Resources */ = {isa = PBXBuildFile; fileRef = 80AF70441A1AB7A4001B9747 /* portada.jpg */; };
		80B0311E1A65BD0F00414341 /* TestsViewController.m in Sources */ = {isa = PBXBuildFile; fileRef = 80B0311D1A65BD0F00414341 /* TestsViewController.m */; };
		80B5CC721A11B80B00CC36C6 /* ConfirmationViewController.m in Sources */ = {isa = PBXBuildFile; fileRef = 80B5CC711A11B80B00CC36C6 /* ConfirmationViewController.m */; };
		80B5CC751A11C5C900CC36C6 /* OrderingViewController.m in Sources */ = {isa = PBXBuildFile; fileRef = 80B5CC741A11C5C900CC36C6 /* OrderingViewController.m */; };
		80B96D581AA8893C00BDC550 /* logo1x.png in Resources */ = {isa = PBXBuildFile; fileRef = 80B96D571AA8893C00BDC550 /* logo1x.png */; };
		80C76DBA1A9CD03400C630EA /* fondo-blur.jpg in Resources */ = {isa = PBXBuildFile; fileRef = 80C76DB91A9CD03400C630EA /* fondo-blur.jpg */; };
		80C76DBC1A9CD07B00C630EA /* fondo-1.jpg in Resources */ = {isa = PBXBuildFile; fileRef = 80C76DBB1A9CD07B00C630EA /* fondo-1.jpg */; };
		80DB69571A84567D00472BE5 /* ComunaViewController.m in Sources */ = {isa = PBXBuildFile; fileRef = 80DB69561A84567D00472BE5 /* ComunaViewController.m */; };
		80DB69591A846E9300472BE5 /* restDemo.jpg in Resources */ = {isa = PBXBuildFile; fileRef = 80DB69581A846E9300472BE5 /* restDemo.jpg */; };
/* End PBXBuildFile section */

/* Begin PBXContainerItemProxy section */
		806AE6A01A0AE92A007C269A /* PBXContainerItemProxy */ = {
			isa = PBXContainerItemProxy;
			containerPortal = 806AE67E1A0AE929007C269A /* Project object */;
			proxyType = 1;
			remoteGlobalIDString = 806AE6851A0AE929007C269A;
			remoteInfo = "Flavour v0.6";
		};
/* End PBXContainerItemProxy section */

/* Begin PBXFileReference section */
		801BDED71A7FEFC400D797D9 /* UserDataViewController.h */ = {isa = PBXFileReference; fileEncoding = 4; lastKnownFileType = sourcecode.c.h; path = UserDataViewController.h; sourceTree = "<group>"; };
		801BDED81A7FEFC400D797D9 /* UserDataViewController.m */ = {isa = PBXFileReference; fileEncoding = 4; lastKnownFileType = sourcecode.c.objc; path = UserDataViewController.m; sourceTree = "<group>"; };
		806AE6861A0AE929007C269A /* Flavour v0.6.app */ = {isa = PBXFileReference; explicitFileType = wrapper.application; includeInIndex = 0; path = "Flavour v0.6.app"; sourceTree = BUILT_PRODUCTS_DIR; };
		806AE68A1A0AE929007C269A /* Info.plist */ = {isa = PBXFileReference; lastKnownFileType = text.plist.xml; path = Info.plist; sourceTree = "<group>"; };
		806AE68B1A0AE929007C269A /* main.m */ = {isa = PBXFileReference; lastKnownFileType = sourcecode.c.objc; path = main.m; sourceTree = "<group>"; };
		806AE68D1A0AE92A007C269A /* AppDelegate.h */ = {isa = PBXFileReference; lastKnownFileType = sourcecode.c.h; path = AppDelegate.h; sourceTree = "<group>"; };
		806AE68E1A0AE92A007C269A /* AppDelegate.m */ = {isa = PBXFileReference; lastKnownFileType = sourcecode.c.objc; path = AppDelegate.m; sourceTree = "<group>"; };
		806AE6901A0AE92A007C269A /* ViewController.h */ = {isa = PBXFileReference; lastKnownFileType = sourcecode.c.h; path = ViewController.h; sourceTree = "<group>"; };
		806AE6911A0AE92A007C269A /* ViewController.m */ = {isa = PBXFileReference; lastKnownFileType = sourcecode.c.objc; path = ViewController.m; sourceTree = "<group>"; };
		806AE6941A0AE92A007C269A /* Base */ = {isa = PBXFileReference; lastKnownFileType = file.storyboard; name = Base; path = Base.lproj/Main.storyboard; sourceTree = "<group>"; };
		806AE6961A0AE92A007C269A /* Images.xcassets */ = {isa = PBXFileReference; lastKnownFileType = folder.assetcatalog; path = Images.xcassets; sourceTree = "<group>"; };
		806AE6991A0AE92A007C269A /* Base */ = {isa = PBXFileReference; lastKnownFileType = file.xib; name = Base; path = Base.lproj/LaunchScreen.xib; sourceTree = "<group>"; };
		806AE69F1A0AE92A007C269A /* Flavour v0.6Tests.xctest */ = {isa = PBXFileReference; explicitFileType = wrapper.cfbundle; includeInIndex = 0; path = "Flavour v0.6Tests.xctest"; sourceTree = BUILT_PRODUCTS_DIR; };
		806AE6A41A0AE92A007C269A /* Info.plist */ = {isa = PBXFileReference; lastKnownFileType = text.plist.xml; path = Info.plist; sourceTree = "<group>"; };
		806AE6A51A0AE92A007C269A /* Flavour_v0_6Tests.m */ = {isa = PBXFileReference; lastKnownFileType = sourcecode.c.objc; path = Flavour_v0_6Tests.m; sourceTree = "<group>"; };
		806AE6AF1A0AF2B6007C269A /* TableViewController.h */ = {isa = PBXFileReference; fileEncoding = 4; lastKnownFileType = sourcecode.c.h; path = TableViewController.h; sourceTree = "<group>"; };
		806AE6B01A0AF2B6007C269A /* TableViewController.m */ = {isa = PBXFileReference; fileEncoding = 4; lastKnownFileType = sourcecode.c.objc; path = TableViewController.m; sourceTree = "<group>"; };
		806AE6B11A0AF2B6007C269A /* TableViewCell.h */ = {isa = PBXFileReference; fileEncoding = 4; lastKnownFileType = sourcecode.c.h; path = TableViewCell.h; sourceTree = "<group>"; };
		806AE6B21A0AF2B6007C269A /* TableViewCell.m */ = {isa = PBXFileReference; fileEncoding = 4; lastKnownFileType = sourcecode.c.objc; path = TableViewCell.m; sourceTree = "<group>"; };
		806AE6B31A0AF2B6007C269A /* DetailViewController.h */ = {isa = PBXFileReference; fileEncoding = 4; lastKnownFileType = sourcecode.c.h; path = DetailViewController.h; sourceTree = "<group>"; };
		806AE6B41A0AF2B6007C269A /* DetailViewController.m */ = {isa = PBXFileReference; fileEncoding = 4; lastKnownFileType = sourcecode.c.objc; path = DetailViewController.m; sourceTree = "<group>"; };
		806AE6B81A0AF4D0007C269A /* LoadingViewController.h */ = {isa = PBXFileReference; fileEncoding = 4; lastKnownFileType = sourcecode.c.h; path = LoadingViewController.h; sourceTree = "<group>"; };
		806AE6B91A0AF4D0007C269A /* LoadingViewController.m */ = {isa = PBXFileReference; fileEncoding = 4; lastKnownFileType = sourcecode.c.objc; path = LoadingViewController.m; sourceTree = "<group>"; };
		806AE6BE1A0AF6A5007C269A /* StartViewController.h */ = {isa = PBXFileReference; fileEncoding = 4; lastKnownFileType = sourcecode.c.h; path = StartViewController.h; sourceTree = "<group>"; };
		806AE6BF1A0AF6A5007C269A /* StartViewController.m */ = {isa = PBXFileReference; fileEncoding = 4; lastKnownFileType = sourcecode.c.objc; path = StartViewController.m; sourceTree = "<group>"; };
		806AE6C11A0B0663007C269A /* DateTableViewController.h */ = {isa = PBXFileReference; fileEncoding = 4; lastKnownFileType = sourcecode.c.h; path = DateTableViewController.h; sourceTree = "<group>"; };
		806AE6C21A0B0663007C269A /* DateTableViewController.m */ = {isa = PBXFileReference; fileEncoding = 4; lastKnownFileType = sourcecode.c.objc; path = DateTableViewController.m; sourceTree = "<group>"; };
		806AE6C41A0B069D007C269A /* DateTableViewCell.h */ = {isa = PBXFileReference; fileEncoding = 4; lastKnownFileType = sourcecode.c.h; path = DateTableViewCell.h; sourceTree = "<group>"; };
		806AE6C51A0B069D007C269A /* DateTableViewCell.m */ = {isa = PBXFileReference; fileEncoding = 4; lastKnownFileType = sourcecode.c.objc; path = DateTableViewCell.m; sourceTree = "<group>"; };
		807FBB721A11825700B20301 /* chefObject.h */ = {isa = PBXFileReference; fileEncoding = 4; lastKnownFileType = sourcecode.c.h; path = chefObject.h; sourceTree = "<group>"; };
		807FBB731A11825700B20301 /* chefObject.m */ = {isa = PBXFileReference; fileEncoding = 4; lastKnownFileType = sourcecode.c.objc; path = chefObject.m; sourceTree = "<group>"; };
		807FBB751A11A04E00B20301 /* MenuTableViewController.h */ = {isa = PBXFileReference; fileEncoding = 4; lastKnownFileType = sourcecode.c.h; path = MenuTableViewController.h; sourceTree = "<group>"; };
		807FBB761A11A04E00B20301 /* MenuTableViewController.m */ = {isa = PBXFileReference; fileEncoding = 4; lastKnownFileType = sourcecode.c.objc; path = MenuTableViewController.m; sourceTree = "<group>"; };
		807FBB781A11A18E00B20301 /* MenuTableViewCell.h */ = {isa = PBXFileReference; fileEncoding = 4; lastKnownFileType = sourcecode.c.h; path = MenuTableViewCell.h; sourceTree = "<group>"; };
		807FBB791A11A18E00B20301 /* MenuTableViewCell.m */ = {isa = PBXFileReference; fileEncoding = 4; lastKnownFileType = sourcecode.c.objc; path = MenuTableViewCell.m; sourceTree = "<group>"; };
		80A39F981A5E0874000A7781 /* SuccessViewController.h */ = {isa = PBXFileReference; fileEncoding = 4; lastKnownFileType = sourcecode.c.h; path = SuccessViewController.h; sourceTree = "<group>"; };
		80A39F991A5E0874000A7781 /* SuccessViewController.m */ = {isa = PBXFileReference; fileEncoding = 4; lastKnownFileType = sourcecode.c.objc; path = SuccessViewController.m; sourceTree = "<group>"; };
		80A8B18E1A1429DB00689579 /* globals.h */ = {isa = PBXFileReference; fileEncoding = 4; lastKnownFileType = sourcecode.c.h; path = globals.h; sourceTree = "<group>"; };
		80A8B18F1A1429DB00689579 /* globals.m */ = {isa = PBXFileReference; fileEncoding = 4; lastKnownFileType = sourcecode.c.objc; path = globals.m; sourceTree = "<group>"; };
		80A8B1911A14462500689579 /* iphoneButtonBig[5].png */ = {isa = PBXFileReference; lastKnownFileType = image.png; path = "iphoneButtonBig[5].png"; sourceTree = "<group>"; };
		80A8B1931A1454B500689579 /* logo 5.png */ = {isa = PBXFileReference; lastKnownFileType = image.png; path = "logo 5.png"; sourceTree = "<group>"; };
		80A8B1951A1455F100689579 /* logo 4.png */ = {isa = PBXFileReference; lastKnownFileType = image.png; path = "logo 4.png"; sourceTree = "<group>"; };
		80A9CC081AB8F26800CA412F /* Icon-60.png */ = {isa = PBXFileReference; lastKnownFileType = image.png; path = "Icon-60.png"; sourceTree = "<group>"; };
		80A9CC091AB8F26800CA412F /* Icon-60@2x.png */ = {isa = PBXFileReference; lastKnownFileType = image.png; path = "Icon-60@2x.png"; sourceTree = "<group>"; };
		80A9CC0A1AB8F26800CA412F /* Icon-60@3x.png */ = {isa = PBXFileReference; lastKnownFileType = image.png; path = "Icon-60@3x.png"; sourceTree = "<group>"; };
		80A9CC0B1AB8F26800CA412F /* Icon-72.png */ = {isa = PBXFileReference; lastKnownFileType = image.png; path = "Icon-72.png"; sourceTree = "<group>"; };
		80A9CC0C1AB8F26800CA412F /* Icon-72@2x.png */ = {isa = PBXFileReference; lastKnownFileType = image.png; path = "Icon-72@2x.png"; sourceTree = "<group>"; };
		80A9CC0D1AB8F26800CA412F /* Icon-76.png */ = {isa = PBXFileReference; lastKnownFileType = image.png; path = "Icon-76.png"; sourceTree = "<group>"; };
		80A9CC0E1AB8F26800CA412F /* Icon-76@2x.png */ = {isa = PBXFileReference; lastKnownFileType = image.png; path = "Icon-76@2x.png"; sourceTree = "<group>"; };
		80A9CC0F1AB8F26800CA412F /* Icon-Small-40.png */ = {isa = PBXFileReference; lastKnownFileType = image.png; path = "Icon-Small-40.png"; sourceTree = "<group>"; };
		80A9CC101AB8F26800CA412F /* Icon-Small-40@2x.png */ = {isa = PBXFileReference; lastKnownFileType = image.png; path = "Icon-Small-40@2x.png"; sourceTree = "<group>"; };
		80A9CC111AB8F26800CA412F /* Icon-Small-40@3x.png */ = {isa = PBXFileReference; lastKnownFileType = image.png; path = "Icon-Small-40@3x.png"; sourceTree = "<group>"; };
		80A9CC121AB8F26800CA412F /* Icon-Small-50.png */ = {isa = PBXFileReference; lastKnownFileType = image.png; path = "Icon-Small-50.png"; sourceTree = "<group>"; };
		80A9CC131AB8F26800CA412F /* Icon-Small-50@2x.png */ = {isa = PBXFileReference; lastKnownFileType = image.png; path = "Icon-Small-50@2x.png"; sourceTree = "<group>"; };
		80A9CC141AB8F26800CA412F /* Icon-Small.png */ = {isa = PBXFileReference; lastKnownFileType = image.png; path = "Icon-Small.png"; sourceTree = "<group>"; };
		80A9CC151AB8F26800CA412F /* Icon-Small@2x.png */ = {isa = PBXFileReference; lastKnownFileType = image.png; path = "Icon-Small@2x.png"; sourceTree = "<group>"; };
		80A9CC161AB8F26800CA412F /* Icon-Small@3x.png */ = {isa = PBXFileReference; lastKnownFileType = image.png; path = "Icon-Small@3x.png"; sourceTree = "<group>"; };
		80A9CC171AB8F26800CA412F /* Icon.png */ = {isa = PBXFileReference; lastKnownFileType = image.png; path = Icon.png; sourceTree = "<group>"; };
		80A9CC181AB8F26800CA412F /* Icon@2x.png */ = {isa = PBXFileReference; lastKnownFileType = image.png; path = "Icon@2x.png"; sourceTree = "<group>"; };
		80A9CC191AB8F26800CA412F /* iTunesArtwork@2x.png */ = {isa = PBXFileReference; lastKnownFileType = image.png; path = "iTunesArtwork@2x.png"; sourceTree = "<group>"; };
		80AF70441A1AB7A4001B9747 /* portada.jpg */ = {isa = PBXFileReference; lastKnownFileType = image.jpeg; path = portada.jpg; sourceTree = "<group>"; };
		80B0311C1A65BD0F00414341 /* TestsViewController.h */ = {isa = PBXFileReference; fileEncoding = 4; lastKnownFileType = sourcecode.c.h; path = TestsViewController.h; sourceTree = "<group>"; };
		80B0311D1A65BD0F00414341 /* TestsViewController.m */ = {isa = PBXFileReference; fileEncoding = 4; lastKnownFileType = sourcecode.c.objc; path = TestsViewController.m; sourceTree = "<group>"; };
		80B5CC701A11B80B00CC36C6 /* ConfirmationViewController.h */ = {isa = PBXFileReference; fileEncoding = 4; lastKnownFileType = sourcecode.c.h; path = ConfirmationViewController.h; sourceTree = "<group>"; };
		80B5CC711A11B80B00CC36C6 /* ConfirmationViewController.m */ = {isa = PBXFileReference; fileEncoding = 4; lastKnownFileType = sourcecode.c.objc; path = ConfirmationViewController.m; sourceTree = "<group>"; };
		80B5CC731A11C5C900CC36C6 /* OrderingViewController.h */ = {isa = PBXFileReference; fileEncoding = 4; lastKnownFileType = sourcecode.c.h; path = OrderingViewController.h; sourceTree = "<group>"; };
		80B5CC741A11C5C900CC36C6 /* OrderingViewController.m */ = {isa = PBXFileReference; fileEncoding = 4; lastKnownFileType = sourcecode.c.objc; path = OrderingViewController.m; sourceTree = "<group>"; };
		80B96D571AA8893C00BDC550 /* logo1x.png */ = {isa = PBXFileReference; lastKnownFileType = image.png; path = logo1x.png; sourceTree = "<group>"; };
		80C76DB91A9CD03400C630EA /* fondo-blur.jpg */ = {isa = PBXFileReference; lastKnownFileType = image.jpeg; path = "fondo-blur.jpg"; sourceTree = "<group>"; };
		80C76DBB1A9CD07B00C630EA /* fondo-1.jpg */ = {isa = PBXFileReference; lastKnownFileType = image.jpeg; path = "fondo-1.jpg"; sourceTree = "<group>"; };
		80DB69551A84567D00472BE5 /* ComunaViewController.h */ = {isa = PBXFileReference; fileEncoding = 4; lastKnownFileType = sourcecode.c.h; path = ComunaViewController.h; sourceTree = "<group>"; };
		80DB69561A84567D00472BE5 /* ComunaViewController.m */ = {isa = PBXFileReference; fileEncoding = 4; lastKnownFileType = sourcecode.c.objc; path = ComunaViewController.m; sourceTree = "<group>"; };
		80DB69581A846E9300472BE5 /* restDemo.jpg */ = {isa = PBXFileReference; lastKnownFileType = image.jpeg; path = restDemo.jpg; sourceTree = "<group>"; };
/* End PBXFileReference section */

/* Begin PBXFrameworksBuildPhase section */
		806AE6831A0AE929007C269A /* Frameworks */ = {
			isa = PBXFrameworksBuildPhase;
			buildActionMask = 2147483647;
			files = (
			);
			runOnlyForDeploymentPostprocessing = 0;
		};
		806AE69C1A0AE92A007C269A /* Frameworks */ = {
			isa = PBXFrameworksBuildPhase;
			buildActionMask = 2147483647;
			files = (
			);
			runOnlyForDeploymentPostprocessing = 0;
		};
/* End PBXFrameworksBuildPhase section */

/* Begin PBXGroup section */
		806AE67D1A0AE929007C269A = {
			isa = PBXGroup;
			children = (
				806AE6881A0AE929007C269A /* Flavour v0.6 */,
				806AE6A21A0AE92A007C269A /* Flavour v0.6Tests */,
				806AE6871A0AE929007C269A /* Products */,
			);
			sourceTree = "<group>";
		};
		806AE6871A0AE929007C269A /* Products */ = {
			isa = PBXGroup;
			children = (
				806AE6861A0AE929007C269A /* Flavour v0.6.app */,
				806AE69F1A0AE92A007C269A /* Flavour v0.6Tests.xctest */,
			);
			name = Products;
			sourceTree = "<group>";
		};
		806AE6881A0AE929007C269A /* Flavour v0.6 */ = {
			isa = PBXGroup;
			children = (
				806AE68D1A0AE92A007C269A /* AppDelegate.h */,
				806AE68E1A0AE92A007C269A /* AppDelegate.m */,
				806AE6901A0AE92A007C269A /* ViewController.h */,
				806AE6911A0AE92A007C269A /* ViewController.m */,
				806AE6BE1A0AF6A5007C269A /* StartViewController.h */,
				806AE6BF1A0AF6A5007C269A /* StartViewController.m */,
				80DB69551A84567D00472BE5 /* ComunaViewController.h */,
				80DB69561A84567D00472BE5 /* ComunaViewController.m */,
				806AE6B81A0AF4D0007C269A /* LoadingViewController.h */,
				806AE6B91A0AF4D0007C269A /* LoadingViewController.m */,
				806AE6AF1A0AF2B6007C269A /* TableViewController.h */,
				806AE6B01A0AF2B6007C269A /* TableViewController.m */,
				806AE6B11A0AF2B6007C269A /* TableViewCell.h */,
				806AE6B21A0AF2B6007C269A /* TableViewCell.m */,
				806AE6B31A0AF2B6007C269A /* DetailViewController.h */,
				806AE6B41A0AF2B6007C269A /* DetailViewController.m */,
				806AE6C11A0B0663007C269A /* DateTableViewController.h */,
				806AE6C21A0B0663007C269A /* DateTableViewController.m */,
				806AE6C41A0B069D007C269A /* DateTableViewCell.h */,
				806AE6C51A0B069D007C269A /* DateTableViewCell.m */,
				807FBB751A11A04E00B20301 /* MenuTableViewController.h */,
				807FBB761A11A04E00B20301 /* MenuTableViewController.m */,
				807FBB781A11A18E00B20301 /* MenuTableViewCell.h */,
				807FBB791A11A18E00B20301 /* MenuTableViewCell.m */,
				80B5CC701A11B80B00CC36C6 /* ConfirmationViewController.h */,
				80B5CC711A11B80B00CC36C6 /* ConfirmationViewController.m */,
				801BDED71A7FEFC400D797D9 /* UserDataViewController.h */,
				801BDED81A7FEFC400D797D9 /* UserDataViewController.m */,
				80B5CC731A11C5C900CC36C6 /* OrderingViewController.h */,
				80B5CC741A11C5C900CC36C6 /* OrderingViewController.m */,
				80A39F981A5E0874000A7781 /* SuccessViewController.h */,
				80A39F991A5E0874000A7781 /* SuccessViewController.m */,
				806AE6931A0AE92A007C269A /* Main.storyboard */,
				806AE6961A0AE92A007C269A /* Images.xcassets */,
				806AE6981A0AE92A007C269A /* LaunchScreen.xib */,
				807FBB721A11825700B20301 /* chefObject.h */,
				807FBB731A11825700B20301 /* chefObject.m */,
				80A8B18E1A1429DB00689579 /* globals.h */,
				80A8B18F1A1429DB00689579 /* globals.m */,
				806AE6891A0AE929007C269A /* Supporting Files */,
				80B0311C1A65BD0F00414341 /* TestsViewController.h */,
				80B0311D1A65BD0F00414341 /* TestsViewController.m */,
			);
			path = "Flavour v0.6";
			sourceTree = "<group>";
		};
		806AE6891A0AE929007C269A /* Supporting Files */ = {
			isa = PBXGroup;
			children = (
				80A9CC071AB8F26800CA412F /* Icons */,
				80B96D571AA8893C00BDC550 /* logo1x.png */,
				80C76DBB1A9CD07B00C630EA /* fondo-1.jpg */,
				80C76DB91A9CD03400C630EA /* fondo-blur.jpg */,
				80DB69581A846E9300472BE5 /* restDemo.jpg */,
				80AF70441A1AB7A4001B9747 /* portada.jpg */,
				80A8B1931A1454B500689579 /* logo 5.png */,
				80A8B1951A1455F100689579 /* logo 4.png */,
				80A8B1911A14462500689579 /* iphoneButtonBig[5].png */,
				806AE68A1A0AE929007C269A /* Info.plist */,
				806AE68B1A0AE929007C269A /* main.m */,
			);
			name = "Supporting Files";
			sourceTree = "<group>";
		};
		806AE6A21A0AE92A007C269A /* Flavour v0.6Tests */ = {
			isa = PBXGroup;
			children = (
				806AE6A51A0AE92A007C269A /* Flavour_v0_6Tests.m */,
				806AE6A31A0AE92A007C269A /* Supporting Files */,
			);
			path = "Flavour v0.6Tests";
			sourceTree = "<group>";
		};
		806AE6A31A0AE92A007C269A /* Supporting Files */ = {
			isa = PBXGroup;
			children = (
				806AE6A41A0AE92A007C269A /* Info.plist */,
			);
			name = "Supporting Files";
			sourceTree = "<group>";
		};
		80A9CC071AB8F26800CA412F /* Icons */ = {
			isa = PBXGroup;
			children = (
				80A9CC081AB8F26800CA412F /* Icon-60.png */,
				80A9CC091AB8F26800CA412F /* Icon-60@2x.png */,
				80A9CC0A1AB8F26800CA412F /* Icon-60@3x.png */,
				80A9CC0B1AB8F26800CA412F /* Icon-72.png */,
				80A9CC0C1AB8F26800CA412F /* Icon-72@2x.png */,
				80A9CC0D1AB8F26800CA412F /* Icon-76.png */,
				80A9CC0E1AB8F26800CA412F /* Icon-76@2x.png */,
				80A9CC0F1AB8F26800CA412F /* Icon-Small-40.png */,
				80A9CC101AB8F26800CA412F /* Icon-Small-40@2x.png */,
				80A9CC111AB8F26800CA412F /* Icon-Small-40@3x.png */,
				80A9CC121AB8F26800CA412F /* Icon-Small-50.png */,
				80A9CC131AB8F26800CA412F /* Icon-Small-50@2x.png */,
				80A9CC141AB8F26800CA412F /* Icon-Small.png */,
				80A9CC151AB8F26800CA412F /* Icon-Small@2x.png */,
				80A9CC161AB8F26800CA412F /* Icon-Small@3x.png */,
				80A9CC171AB8F26800CA412F /* Icon.png */,
				80A9CC181AB8F26800CA412F /* Icon@2x.png */,
				80A9CC191AB8F26800CA412F /* iTunesArtwork@2x.png */,
			);
			path = Icons;
			sourceTree = "<group>";
		};
/* End PBXGroup section */

/* Begin PBXNativeTarget section */
		806AE6851A0AE929007C269A /* Flavour v0.6 */ = {
			isa = PBXNativeTarget;
			buildConfigurationList = 806AE6A91A0AE92A007C269A /* Build configuration list for PBXNativeTarget "Flavour v0.6" */;
			buildPhases = (
				806AE6821A0AE929007C269A /* Sources */,
				806AE6831A0AE929007C269A /* Frameworks */,
				806AE6841A0AE929007C269A /* Resources */,
			);
			buildRules = (
			);
			dependencies = (
			);
			name = "Flavour v0.6";
			productName = "Flavour v0.6";
			productReference = 806AE6861A0AE929007C269A /* Flavour v0.6.app */;
			productType = "com.apple.product-type.application";
		};
		806AE69E1A0AE92A007C269A /* Flavour v0.6Tests */ = {
			isa = PBXNativeTarget;
			buildConfigurationList = 806AE6AC1A0AE92A007C269A /* Build configuration list for PBXNativeTarget "Flavour v0.6Tests" */;
			buildPhases = (
				806AE69B1A0AE92A007C269A /* Sources */,
				806AE69C1A0AE92A007C269A /* Frameworks */,
				806AE69D1A0AE92A007C269A /* Resources */,
			);
			buildRules = (
			);
			dependencies = (
				806AE6A11A0AE92A007C269A /* PBXTargetDependency */,
			);
			name = "Flavour v0.6Tests";
			productName = "Flavour v0.6Tests";
			productReference = 806AE69F1A0AE92A007C269A /* Flavour v0.6Tests.xctest */;
			productType = "com.apple.product-type.bundle.unit-test";
		};
/* End PBXNativeTarget section */

/* Begin PBXProject section */
		806AE67E1A0AE929007C269A /* Project object */ = {
			isa = PBXProject;
			attributes = {
				LastUpgradeCheck = 0610;
				ORGANIZATIONNAME = Schkolnik;
				TargetAttributes = {
					806AE6851A0AE929007C269A = {
						CreatedOnToolsVersion = 6.1;
						DevelopmentTeam = 6GCLZC9QR7;
					};
					806AE69E1A0AE92A007C269A = {
						CreatedOnToolsVersion = 6.1;
						DevelopmentTeam = 6GCLZC9QR7;
						TestTargetID = 806AE6851A0AE929007C269A;
					};
				};
			};
			buildConfigurationList = 806AE6811A0AE929007C269A /* Build configuration list for PBXProject "Flavour v0.6" */;
			compatibilityVersion = "Xcode 3.2";
			developmentRegion = English;
			hasScannedForEncodings = 0;
			knownRegions = (
				en,
				Base,
			);
			mainGroup = 806AE67D1A0AE929007C269A;
			productRefGroup = 806AE6871A0AE929007C269A /* Products */;
			projectDirPath = "";
			projectRoot = "";
			targets = (
				806AE6851A0AE929007C269A /* Flavour v0.6 */,
				806AE69E1A0AE92A007C269A /* Flavour v0.6Tests */,
			);
		};
/* End PBXProject section */

/* Begin PBXResourcesBuildPhase section */
		806AE6841A0AE929007C269A /* Resources */ = {
			isa = PBXResourcesBuildPhase;
			buildActionMask = 2147483647;
			files = (
				80A9CC291AB8F26800CA412F /* Icon.png in Resources */,
				80A9CC211AB8F26800CA412F /* Icon-Small-40.png in Resources */,
				80A9CC221AB8F26800CA412F /* Icon-Small-40@2x.png in Resources */,
				806AE6951A0AE92A007C269A /* Main.storyboard in Resources */,
				806AE69A1A0AE92A007C269A /* LaunchScreen.xib in Resources */,
				80A9CC1B1AB8F26800CA412F /* Icon-60@2x.png in Resources */,
				80A9CC1A1AB8F26800CA412F /* Icon-60.png in Resources */,
				80A9CC1C1AB8F26800CA412F /* Icon-60@3x.png in Resources */,
				80A8B1961A1455F100689579 /* logo 4.png in Resources */,
				80A9CC2A1AB8F26800CA412F /* Icon@2x.png in Resources */,
				80A9CC261AB8F26800CA412F /* Icon-Small.png in Resources */,
				80A8B1941A1454B500689579 /* logo 5.png in Resources */,
				80A9CC251AB8F26800CA412F /* Icon-Small-50@2x.png in Resources */,
				80C76DBC1A9CD07B00C630EA /* fondo-1.jpg in Resources */,
				80B96D581AA8893C00BDC550 /* logo1x.png in Resources */,
				806AE6971A0AE92A007C269A /* Images.xcassets in Resources */,
				80A9CC281AB8F26800CA412F /* Icon-Small@3x.png in Resources */,
				80A9CC201AB8F26800CA412F /* Icon-76@2x.png in Resources */,
				80A9CC241AB8F26800CA412F /* Icon-Small-50.png in Resources */,
				80A9CC2B1AB8F26800CA412F /* iTunesArtwork@2x.png in Resources */,
				80A9CC1E1AB8F26800CA412F /* Icon-72@2x.png in Resources */,
				80C76DBA1A9CD03400C630EA /* fondo-blur.jpg in Resources */,
				80A9CC1F1AB8F26800CA412F /* Icon-76.png in Resources */,
				80A9CC231AB8F26800CA412F /* Icon-Small-40@3x.png in Resources */,
				80A9CC1D1AB8F26800CA412F /* Icon-72.png in Resources */,
				80AF70451A1AB7A4001B9747 /* portada.jpg in Resources */,
				80DB69591A846E9300472BE5 /* restDemo.jpg in Resources */,
				80A9CC271AB8F26800CA412F /* Icon-Small@2x.png in Resources */,
				80A8B1921A14462500689579 /* iphoneButtonBig[5].png in Resources */,
			);
			runOnlyForDeploymentPostprocessing = 0;
		};
		806AE69D1A0AE92A007C269A /* Resources */ = {
			isa = PBXResourcesBuildPhase;
			buildActionMask = 2147483647;
			files = (
			);
			runOnlyForDeploymentPostprocessing = 0;
		};
/* End PBXResourcesBuildPhase section */

/* Begin PBXSourcesBuildPhase section */
		806AE6821A0AE929007C269A /* Sources */ = {
			isa = PBXSourcesBuildPhase;
			buildActionMask = 2147483647;
			files = (
				807FBB741A11825700B20301 /* chefObject.m in Sources */,
				806AE6921A0AE92A007C269A /* ViewController.m in Sources */,
				806AE68F1A0AE92A007C269A /* AppDelegate.m in Sources */,
				80A8B1901A1429DB00689579 /* globals.m in Sources */,
				80B5CC721A11B80B00CC36C6 /* ConfirmationViewController.m in Sources */,
				806AE6C31A0B0663007C269A /* DateTableViewController.m in Sources */,
				806AE6C01A0AF6A5007C269A /* StartViewController.m in Sources */,
				806AE68C1A0AE929007C269A /* main.m in Sources */,
				80B0311E1A65BD0F00414341 /* TestsViewController.m in Sources */,
				806AE6BC1A0AF4D0007C269A /* LoadingViewController.m in Sources */,
				80A39F9A1A5E0874000A7781 /* SuccessViewController.m in Sources */,
				807FBB771A11A04E00B20301 /* MenuTableViewController.m in Sources */,
				806AE6B61A0AF2B6007C269A /* TableViewCell.m in Sources */,
				807FBB7A1A11A18E00B20301 /* MenuTableViewCell.m in Sources */,
				80B5CC751A11C5C900CC36C6 /* OrderingViewController.m in Sources */,
				80DB69571A84567D00472BE5 /* ComunaViewController.m in Sources */,
				806AE6C61A0B069D007C269A /* DateTableViewCell.m in Sources */,
				806AE6B51A0AF2B6007C269A /* TableViewController.m in Sources */,
				806AE6B71A0AF2B6007C269A /* DetailViewController.m in Sources */,
				801BDED91A7FEFC400D797D9 /* UserDataViewController.m in Sources */,
			);
			runOnlyForDeploymentPostprocessing = 0;
		};
		806AE69B1A0AE92A007C269A /* Sources */ = {
			isa = PBXSourcesBuildPhase;
			buildActionMask = 2147483647;
			files = (
				806AE6A61A0AE92A007C269A /* Flavour_v0_6Tests.m in Sources */,
			);
			runOnlyForDeploymentPostprocessing = 0;
		};
/* End PBXSourcesBuildPhase section */

/* Begin PBXTargetDependency section */
		806AE6A11A0AE92A007C269A /* PBXTargetDependency */ = {
			isa = PBXTargetDependency;
			target = 806AE6851A0AE929007C269A /* Flavour v0.6 */;
			targetProxy = 806AE6A01A0AE92A007C269A /* PBXContainerItemProxy */;
		};
/* End PBXTargetDependency section */

/* Begin PBXVariantGroup section */
		806AE6931A0AE92A007C269A /* Main.storyboard */ = {
			isa = PBXVariantGroup;
			children = (
				806AE6941A0AE92A007C269A /* Base */,
			);
			name = Main.storyboard;
			sourceTree = "<group>";
		};
		806AE6981A0AE92A007C269A /* LaunchScreen.xib */ = {
			isa = PBXVariantGroup;
			children = (
				806AE6991A0AE92A007C269A /* Base */,
			);
			name = LaunchScreen.xib;
			sourceTree = "<group>";
		};
/* End PBXVariantGroup section */

/* Begin XCBuildConfiguration section */
		806AE6A71A0AE92A007C269A /* Debug */ = {
			isa = XCBuildConfiguration;
			buildSettings = {
				ALWAYS_SEARCH_USER_PATHS = NO;
				CLANG_CXX_LANGUAGE_STANDARD = "gnu++0x";
				CLANG_CXX_LIBRARY = "libc++";
				CLANG_ENABLE_MODULES = YES;
				CLANG_ENABLE_OBJC_ARC = YES;
				CLANG_WARN_BOOL_CONVERSION = YES;
				CLANG_WARN_CONSTANT_CONVERSION = YES;
				CLANG_WARN_DIRECT_OBJC_ISA_USAGE = YES_ERROR;
				CLANG_WARN_EMPTY_BODY = YES;
				CLANG_WARN_ENUM_CONVERSION = YES;
				CLANG_WARN_INT_CONVERSION = YES;
				CLANG_WARN_OBJC_ROOT_CLASS = YES_ERROR;
				CLANG_WARN_UNREACHABLE_CODE = YES;
				CLANG_WARN__DUPLICATE_METHOD_MATCH = YES;
				"CODE_SIGN_IDENTITY[sdk=iphoneos*]" = "iPhone Developer";
				COPY_PHASE_STRIP = NO;
				ENABLE_STRICT_OBJC_MSGSEND = YES;
				GCC_C_LANGUAGE_STANDARD = gnu99;
				GCC_DYNAMIC_NO_PIC = NO;
				GCC_OPTIMIZATION_LEVEL = 0;
				GCC_PREPROCESSOR_DEFINITIONS = (
					"DEBUG=1",
					"$(inherited)",
				);
				GCC_SYMBOLS_PRIVATE_EXTERN = NO;
				GCC_WARN_64_TO_32_BIT_CONVERSION = YES;
				GCC_WARN_ABOUT_RETURN_TYPE = YES_ERROR;
				GCC_WARN_UNDECLARED_SELECTOR = YES;
				GCC_WARN_UNINITIALIZED_AUTOS = YES_AGGRESSIVE;
				GCC_WARN_UNUSED_FUNCTION = YES;
				GCC_WARN_UNUSED_VARIABLE = YES;
				IPHONEOS_DEPLOYMENT_TARGET = 8.1;
				MTL_ENABLE_DEBUG_INFO = YES;
				ONLY_ACTIVE_ARCH = YES;
				SDKROOT = iphoneos;
				TARGETED_DEVICE_FAMILY = "1,2";
			};
			name = Debug;
		};
		806AE6A81A0AE92A007C269A /* Release */ = {
			isa = XCBuildConfiguration;
			buildSettings = {
				ALWAYS_SEARCH_USER_PATHS = NO;
				CLANG_CXX_LANGUAGE_STANDARD = "gnu++0x";
				CLANG_CXX_LIBRARY = "libc++";
				CLANG_ENABLE_MODULES = YES;
				CLANG_ENABLE_OBJC_ARC = YES;
				CLANG_WARN_BOOL_CONVERSION = YES;
				CLANG_WARN_CONSTANT_CONVERSION = YES;
				CLANG_WARN_DIRECT_OBJC_ISA_USAGE = YES_ERROR;
				CLANG_WARN_EMPTY_BODY = YES;
				CLANG_WARN_ENUM_CONVERSION = YES;
				CLANG_WARN_INT_CONVERSION = YES;
				CLANG_WARN_OBJC_ROOT_CLASS = YES_ERROR;
				CLANG_WARN_UNREACHABLE_CODE = YES;
				CLANG_WARN__DUPLICATE_METHOD_MATCH = YES;
				"CODE_SIGN_IDENTITY[sdk=iphoneos*]" = "iPhone Developer";
				COPY_PHASE_STRIP = YES;
				ENABLE_NS_ASSERTIONS = NO;
				ENABLE_STRICT_OBJC_MSGSEND = YES;
				GCC_C_LANGUAGE_STANDARD = gnu99;
				GCC_WARN_64_TO_32_BIT_CONVERSION = YES;
				GCC_WARN_ABOUT_RETURN_TYPE = YES_ERROR;
				GCC_WARN_UNDECLARED_SELECTOR = YES;
				GCC_WARN_UNINITIALIZED_AUTOS = YES_AGGRESSIVE;
				GCC_WARN_UNUSED_FUNCTION = YES;
				GCC_WARN_UNUSED_VARIABLE = YES;
				IPHONEOS_DEPLOYMENT_TARGET = 8.1;
				MTL_ENABLE_DEBUG_INFO = NO;
				SDKROOT = iphoneos;
				TARGETED_DEVICE_FAMILY = "1,2";
				VALIDATE_PRODUCT = YES;
			};
			name = Release;
		};
		806AE6AA1A0AE92A007C269A /* Debug */ = {
			isa = XCBuildConfiguration;
			buildSettings = {
				ASSETCATALOG_COMPILER_APPICON_NAME = AppIcon;
				CODE_SIGN_IDENTITY = "iPhone Developer";
				"CODE_SIGN_IDENTITY[sdk=iphoneos*]" = "iPhone Developer";
				INFOPLIST_FILE = "Flavour v0.6/Info.plist";
				LD_RUNPATH_SEARCH_PATHS = "$(inherited) @executable_path/Frameworks";
				PRODUCT_NAME = "$(TARGET_NAME)";
				PROVISIONING_PROFILE = "";
			};
			name = Debug;
		};
		806AE6AB1A0AE92A007C269A /* Release */ = {
			isa = XCBuildConfiguration;
			buildSettings = {
				ASSETCATALOG_COMPILER_APPICON_NAME = AppIcon;
				CODE_SIGN_IDENTITY = "iPhone Developer";
				"CODE_SIGN_IDENTITY[sdk=iphoneos*]" = "iPhone Developer";
				INFOPLIST_FILE = "Flavour v0.6/Info.plist";
				LD_RUNPATH_SEARCH_PATHS = "$(inherited) @executable_path/Frameworks";
				PRODUCT_NAME = "$(TARGET_NAME)";
				PROVISIONING_PROFILE = "";
			};
			name = Release;
		};
		806AE6AD1A0AE92A007C269A /* Debug */ = {
			isa = XCBuildConfiguration;
			buildSettings = {
				BUNDLE_LOADER = "$(TEST_HOST)";
				CODE_SIGN_IDENTITY = "iPhone Developer";
				"CODE_SIGN_IDENTITY[sdk=iphoneos*]" = "iPhone Developer";
				FRAMEWORK_SEARCH_PATHS = (
					"$(SDKROOT)/Developer/Library/Frameworks",
					"$(inherited)",
				);
				GCC_PREPROCESSOR_DEFINITIONS = (
					"DEBUG=1",
					"$(inherited)",
				);
				INFOPLIST_FILE = "Flavour v0.6Tests/Info.plist";
				LD_RUNPATH_SEARCH_PATHS = "$(inherited) @executable_path/Frameworks @loader_path/Frameworks";
				PRODUCT_NAME = "$(TARGET_NAME)";
				PROVISIONING_PROFILE = "";
				TEST_HOST = "$(BUILT_PRODUCTS_DIR)/Flavour v0.6.app/Flavour v0.6";
			};
			name = Debug;
		};
		806AE6AE1A0AE92A007C269A /* Release */ = {
			isa = XCBuildConfiguration;
			buildSettings = {
				BUNDLE_LOADER = "$(TEST_HOST)";
				CODE_SIGN_IDENTITY = "iPhone Developer";
				"CODE_SIGN_IDENTITY[sdk=iphoneos*]" = "iPhone Developer";
				FRAMEWORK_SEARCH_PATHS = (
					"$(SDKROOT)/Developer/Library/Frameworks",
					"$(inherited)",
				);
				INFOPLIST_FILE = "Flavour v0.6Tests/Info.plist";
				LD_RUNPATH_SEARCH_PATHS = "$(inherited) @executable_path/Frameworks @loader_path/Frameworks";
				PRODUCT_NAME = "$(TARGET_NAME)";
				PROVISIONING_PROFILE = "";
				TEST_HOST = "$(BUILT_PRODUCTS_DIR)/Flavour v0.6.app/Flavour v0.6";
			};
			name = Release;
		};
/* End XCBuildConfiguration section */

/* Begin XCConfigurationList section */
		806AE6811A0AE929007C269A /* Build configuration list for PBXProject "Flavour v0.6" */ = {
			isa = XCConfigurationList;
			buildConfigurations = (
				806AE6A71A0AE92A007C269A /* Debug */,
				806AE6A81A0AE92A007C269A /* Release */,
			);
			defaultConfigurationIsVisible = 0;
			defaultConfigurationName = Release;
		};
		806AE6A91A0AE92A007C269A /* Build configuration list for PBXNativeTarget "Flavour v0.6" */ = {
			isa = XCConfigurationList;
			buildConfigurations = (
				806AE6AA1A0AE92A007C269A /* Debug */,
				806AE6AB1A0AE92A007C269A /* Release */,
			);
			defaultConfigurationIsVisible = 0;
			defaultConfigurationName = Release;
		};
		806AE6AC1A0AE92A007C269A /* Build configuration list for PBXNativeTarget "Flavour v0.6Tests" */ = {
			isa = XCConfigurationList;
			buildConfigurations = (
				806AE6AD1A0AE92A007C269A /* Debug */,
				806AE6AE1A0AE92A007C269A /* Release */,
			);
			defaultConfigurationIsVisible = 0;
			defaultConfigurationName = Release;
		};
/* End XCConfigurationList section */
	};
	rootObject = 806AE67E1A0AE929007C269A /* Project object */;
}
